// !$*UTF8*$!
{
	archiveVersion = 1;
	classes = {
	};
	objectVersion = 56;
	objects = {

/* Begin PBXBuildFile section */
		C9046DB82A3E724F009D3AF4 /* AddExerciseListItem.swift in Sources */ = {isa = PBXBuildFile; fileRef = C9046DB72A3E724F009D3AF4 /* AddExerciseListItem.swift */; };
		C91688A12A3FBD9500F1BF93 /* Images.swift in Sources */ = {isa = PBXBuildFile; fileRef = C91688A02A3FBD9500F1BF93 /* Images.swift */; };
		C91688A32A3FBFE700F1BF93 /* MuscleGroups.swift in Sources */ = {isa = PBXBuildFile; fileRef = C91688A22A3FBFE700F1BF93 /* MuscleGroups.swift */; };
		C91688A92A3FC22D00F1BF93 /* AddExerciseListItemTest.swift in Sources */ = {isa = PBXBuildFile; fileRef = C91688A82A3FC22D00F1BF93 /* AddExerciseListItemTest.swift */; };
		C91688AB2A3FC38700F1BF93 /* AddExerciseTests.swift in Sources */ = {isa = PBXBuildFile; fileRef = C91688AA2A3FC38700F1BF93 /* AddExerciseTests.swift */; };
		C91688AE2A3FD1C700F1BF93 /* CreateRoutine.swift in Sources */ = {isa = PBXBuildFile; fileRef = C91688AD2A3FD1C700F1BF93 /* CreateRoutine.swift */; };
		C91688B02A3FEA3D00F1BF93 /* TextFieldWithClear.swift in Sources */ = {isa = PBXBuildFile; fileRef = C91688AF2A3FEA3D00F1BF93 /* TextFieldWithClear.swift */; };
		C91C9D252A36C40800E431EB /* PowerApp.swift in Sources */ = {isa = PBXBuildFile; fileRef = C91C9D242A36C40800E431EB /* PowerApp.swift */; };
		C91C9D292A36C40900E431EB /* Assets.xcassets in Resources */ = {isa = PBXBuildFile; fileRef = C91C9D282A36C40900E431EB /* Assets.xcassets */; };
		C91C9D2C2A36C40900E431EB /* Preview Assets.xcassets in Resources */ = {isa = PBXBuildFile; fileRef = C91C9D2B2A36C40900E431EB /* Preview Assets.xcassets */; };
		C91C9D2E2A36C40900E431EB /* Persistence.swift in Sources */ = {isa = PBXBuildFile; fileRef = C91C9D2D2A36C40900E431EB /* Persistence.swift */; };
		C91C9D312A36C40900E431EB /* power.xcdatamodeld in Sources */ = {isa = PBXBuildFile; fileRef = C91C9D2F2A36C40900E431EB /* power.xcdatamodeld */; };
		C91C9D3C2A36C40900E431EB /* PowerTests.swift in Sources */ = {isa = PBXBuildFile; fileRef = C91C9D3B2A36C40900E431EB /* PowerTests.swift */; };
		C91C9D462A36C40900E431EB /* PowerUITests.swift in Sources */ = {isa = PBXBuildFile; fileRef = C91C9D452A36C40900E431EB /* PowerUITests.swift */; };
		C91C9D482A36C40900E431EB /* PowerUITestsLaunchTests.swift in Sources */ = {isa = PBXBuildFile; fileRef = C91C9D472A36C40900E431EB /* PowerUITestsLaunchTests.swift */; };
		C92FFF682A3D4E9E0035CACF /* Strings.swift in Sources */ = {isa = PBXBuildFile; fileRef = C92FFF672A3D4E9E0035CACF /* Strings.swift */; };
		C946130F2A3E995400104F72 /* AddExercise.swift in Sources */ = {isa = PBXBuildFile; fileRef = C946130E2A3E995400104F72 /* AddExercise.swift */; };
		C9706EDD2A411015007E43C5 /* RoutineListItem.swift in Sources */ = {isa = PBXBuildFile; fileRef = C9706EDC2A411015007E43C5 /* RoutineListItem.swift */; };
		C9706EDF2A411645007E43C5 /* ExerciseSet.swift in Sources */ = {isa = PBXBuildFile; fileRef = C9706EDE2A411645007E43C5 /* ExerciseSet.swift */; };
		C976D9532A429C1D009FE4F5 /* Weight.swift in Sources */ = {isa = PBXBuildFile; fileRef = C976D9522A429C1D009FE4F5 /* Weight.swift */; };
		C97BEC512A4011F400AD5370 /* RoutineList.swift in Sources */ = {isa = PBXBuildFile; fileRef = C97BEC502A4011F400AD5370 /* RoutineList.swift */; };
		C99F27612A3C1EFE00CACC8E /* ComposableArchitecture in Frameworks */ = {isa = PBXBuildFile; productRef = C99F27602A3C1EFE00CACC8E /* ComposableArchitecture */; settings = {ATTRIBUTES = (Required, ); }; };
		C99F27652A3C1F8D00CACC8E /* CounterFeature.swift in Sources */ = {isa = PBXBuildFile; fileRef = C99F27642A3C1F8D00CACC8E /* CounterFeature.swift */; };
		C99F276C2A3D483F00CACC8E /* TabPage.swift in Sources */ = {isa = PBXBuildFile; fileRef = C99F276B2A3D483F00CACC8E /* TabPage.swift */; };
		C9B031682A467C9D00F92D23 /* WorkoutTab.swift in Sources */ = {isa = PBXBuildFile; fileRef = C9B031672A467C9D00F92D23 /* WorkoutTab.swift */; };
		C9B8BD762A3D686F00A18C3C /* WorkoutCarditem.swift in Sources */ = {isa = PBXBuildFile; fileRef = C9B8BD752A3D686F00A18C3C /* WorkoutCarditem.swift */; };
		C9B8BD782A3D6F0D00A18C3C /* View+Modifiers.swift in Sources */ = {isa = PBXBuildFile; fileRef = C9B8BD772A3D6F0D00A18C3C /* View+Modifiers.swift */; };
/* End PBXBuildFile section */

/* Begin PBXContainerItemProxy section */
		C91C9D382A36C40900E431EB /* PBXContainerItemProxy */ = {
			isa = PBXContainerItemProxy;
			containerPortal = C91C9D192A36C40800E431EB /* Project object */;
			proxyType = 1;
			remoteGlobalIDString = C91C9D202A36C40800E431EB;
			remoteInfo = power;
		};
		C91C9D422A36C40900E431EB /* PBXContainerItemProxy */ = {
			isa = PBXContainerItemProxy;
			containerPortal = C91C9D192A36C40800E431EB /* Project object */;
			proxyType = 1;
			remoteGlobalIDString = C91C9D202A36C40800E431EB;
			remoteInfo = power;
		};
/* End PBXContainerItemProxy section */

/* Begin PBXFileReference section */
		C9046DB72A3E724F009D3AF4 /* AddExerciseListItem.swift */ = {isa = PBXFileReference; lastKnownFileType = sourcecode.swift; path = AddExerciseListItem.swift; sourceTree = "<group>"; };
		C91688A02A3FBD9500F1BF93 /* Images.swift */ = {isa = PBXFileReference; lastKnownFileType = sourcecode.swift; path = Images.swift; sourceTree = "<group>"; };
		C91688A22A3FBFE700F1BF93 /* MuscleGroups.swift */ = {isa = PBXFileReference; lastKnownFileType = sourcecode.swift; path = MuscleGroups.swift; sourceTree = "<group>"; };
		C91688A82A3FC22D00F1BF93 /* AddExerciseListItemTest.swift */ = {isa = PBXFileReference; lastKnownFileType = sourcecode.swift; path = AddExerciseListItemTest.swift; sourceTree = "<group>"; };
		C91688AA2A3FC38700F1BF93 /* AddExerciseTests.swift */ = {isa = PBXFileReference; lastKnownFileType = sourcecode.swift; path = AddExerciseTests.swift; sourceTree = "<group>"; };
		C91688AD2A3FD1C700F1BF93 /* CreateRoutine.swift */ = {isa = PBXFileReference; lastKnownFileType = sourcecode.swift; path = CreateRoutine.swift; sourceTree = "<group>"; };
		C91688AF2A3FEA3D00F1BF93 /* TextFieldWithClear.swift */ = {isa = PBXFileReference; lastKnownFileType = sourcecode.swift; path = TextFieldWithClear.swift; sourceTree = "<group>"; };
		C91C9D212A36C40800E431EB /* power.app */ = {isa = PBXFileReference; explicitFileType = wrapper.application; includeInIndex = 0; path = power.app; sourceTree = BUILT_PRODUCTS_DIR; };
		C91C9D242A36C40800E431EB /* PowerApp.swift */ = {isa = PBXFileReference; lastKnownFileType = sourcecode.swift; path = PowerApp.swift; sourceTree = "<group>"; };
		C91C9D282A36C40900E431EB /* Assets.xcassets */ = {isa = PBXFileReference; lastKnownFileType = folder.assetcatalog; path = Assets.xcassets; sourceTree = "<group>"; };
		C91C9D2B2A36C40900E431EB /* Preview Assets.xcassets */ = {isa = PBXFileReference; lastKnownFileType = folder.assetcatalog; path = "Preview Assets.xcassets"; sourceTree = "<group>"; };
		C91C9D2D2A36C40900E431EB /* Persistence.swift */ = {isa = PBXFileReference; lastKnownFileType = sourcecode.swift; path = Persistence.swift; sourceTree = "<group>"; };
		C91C9D302A36C40900E431EB /* power.xcdatamodel */ = {isa = PBXFileReference; lastKnownFileType = wrapper.xcdatamodel; path = power.xcdatamodel; sourceTree = "<group>"; };
		C91C9D322A36C40900E431EB /* Info.plist */ = {isa = PBXFileReference; lastKnownFileType = text.plist.xml; path = Info.plist; sourceTree = "<group>"; };
		C91C9D372A36C40900E431EB /* powerTests.xctest */ = {isa = PBXFileReference; explicitFileType = wrapper.cfbundle; includeInIndex = 0; path = powerTests.xctest; sourceTree = BUILT_PRODUCTS_DIR; };
		C91C9D3B2A36C40900E431EB /* PowerTests.swift */ = {isa = PBXFileReference; lastKnownFileType = sourcecode.swift; path = PowerTests.swift; sourceTree = "<group>"; };
		C91C9D412A36C40900E431EB /* powerUITests.xctest */ = {isa = PBXFileReference; explicitFileType = wrapper.cfbundle; includeInIndex = 0; path = powerUITests.xctest; sourceTree = BUILT_PRODUCTS_DIR; };
		C91C9D452A36C40900E431EB /* PowerUITests.swift */ = {isa = PBXFileReference; lastKnownFileType = sourcecode.swift; path = PowerUITests.swift; sourceTree = "<group>"; };
		C91C9D472A36C40900E431EB /* PowerUITestsLaunchTests.swift */ = {isa = PBXFileReference; lastKnownFileType = sourcecode.swift; path = PowerUITestsLaunchTests.swift; sourceTree = "<group>"; };
		C92FFF672A3D4E9E0035CACF /* Strings.swift */ = {isa = PBXFileReference; lastKnownFileType = sourcecode.swift; path = Strings.swift; sourceTree = "<group>"; };
		C946130E2A3E995400104F72 /* AddExercise.swift */ = {isa = PBXFileReference; lastKnownFileType = sourcecode.swift; path = AddExercise.swift; sourceTree = "<group>"; };
		C9706EDC2A411015007E43C5 /* RoutineListItem.swift */ = {isa = PBXFileReference; lastKnownFileType = sourcecode.swift; path = RoutineListItem.swift; sourceTree = "<group>"; };
		C9706EDE2A411645007E43C5 /* ExerciseSet.swift */ = {isa = PBXFileReference; lastKnownFileType = sourcecode.swift; path = ExerciseSet.swift; sourceTree = "<group>"; };
		C976D9522A429C1D009FE4F5 /* Weight.swift */ = {isa = PBXFileReference; lastKnownFileType = sourcecode.swift; path = Weight.swift; sourceTree = "<group>"; };
		C97BEC502A4011F400AD5370 /* RoutineList.swift */ = {isa = PBXFileReference; lastKnownFileType = sourcecode.swift; path = RoutineList.swift; sourceTree = "<group>"; };
		C99F27642A3C1F8D00CACC8E /* CounterFeature.swift */ = {isa = PBXFileReference; lastKnownFileType = sourcecode.swift; path = CounterFeature.swift; sourceTree = "<group>"; };
		C99F276B2A3D483F00CACC8E /* TabPage.swift */ = {isa = PBXFileReference; lastKnownFileType = sourcecode.swift; path = TabPage.swift; sourceTree = "<group>"; };
		C9B031672A467C9D00F92D23 /* WorkoutTab.swift */ = {isa = PBXFileReference; lastKnownFileType = sourcecode.swift; path = WorkoutTab.swift; sourceTree = "<group>"; };
		C9B8BD752A3D686F00A18C3C /* WorkoutCarditem.swift */ = {isa = PBXFileReference; lastKnownFileType = sourcecode.swift; path = WorkoutCarditem.swift; sourceTree = "<group>"; };
		C9B8BD772A3D6F0D00A18C3C /* View+Modifiers.swift */ = {isa = PBXFileReference; lastKnownFileType = sourcecode.swift; path = "View+Modifiers.swift"; sourceTree = "<group>"; };
/* End PBXFileReference section */

/* Begin PBXFrameworksBuildPhase section */
		C91C9D1E2A36C40800E431EB /* Frameworks */ = {
			isa = PBXFrameworksBuildPhase;
			buildActionMask = 2147483647;
			files = (
				C99F27612A3C1EFE00CACC8E /* ComposableArchitecture in Frameworks */,
			);
			runOnlyForDeploymentPostprocessing = 0;
		};
		C91C9D342A36C40900E431EB /* Frameworks */ = {
			isa = PBXFrameworksBuildPhase;
			buildActionMask = 2147483647;
			files = (
			);
			runOnlyForDeploymentPostprocessing = 0;
		};
		C91C9D3E2A36C40900E431EB /* Frameworks */ = {
			isa = PBXFrameworksBuildPhase;
			buildActionMask = 2147483647;
			files = (
			);
			runOnlyForDeploymentPostprocessing = 0;
		};
/* End PBXFrameworksBuildPhase section */

/* Begin PBXGroup section */
		C9046DB62A3E71EA009D3AF4 /* Workouts */ = {
			isa = PBXGroup;
			children = (
				C9B8BD752A3D686F00A18C3C /* WorkoutCarditem.swift */,
			);
			path = Workouts;
			sourceTree = "<group>";
		};
		C91688A42A3FC20200F1BF93 /* AddExerciseList */ = {
			isa = PBXGroup;
			children = (
				C91688A82A3FC22D00F1BF93 /* AddExerciseListItemTest.swift */,
				C91688AA2A3FC38700F1BF93 /* AddExerciseTests.swift */,
			);
			path = AddExerciseList;
			sourceTree = "<group>";
		};
		C91688AC2A3FD18A00F1BF93 /* CreateRoutine */ = {
			isa = PBXGroup;
			children = (
				C91688AD2A3FD1C700F1BF93 /* CreateRoutine.swift */,
			);
			path = CreateRoutine;
			sourceTree = "<group>";
		};
		C91C9D182A36C40800E431EB = {
			isa = PBXGroup;
			children = (
				C91C9D232A36C40800E431EB /* power */,
				C91C9D3A2A36C40900E431EB /* PowerTests */,
				C91C9D442A36C40900E431EB /* PowerUITests */,
				C91C9D222A36C40800E431EB /* Products */,
			);
			sourceTree = "<group>";
		};
		C91C9D222A36C40800E431EB /* Products */ = {
			isa = PBXGroup;
			children = (
				C91C9D212A36C40800E431EB /* power.app */,
				C91C9D372A36C40900E431EB /* powerTests.xctest */,
				C91C9D412A36C40900E431EB /* powerUITests.xctest */,
			);
			name = Products;
			sourceTree = "<group>";
		};
		C91C9D232A36C40800E431EB /* power */ = {
			isa = PBXGroup;
			children = (
				C92FFF662A3D4E930035CACF /* Utils */,
				C99F27622A3C1F7400CACC8E /* Features */,
				C91C9D242A36C40800E431EB /* PowerApp.swift */,
				C91C9D282A36C40900E431EB /* Assets.xcassets */,
				C91C9D2D2A36C40900E431EB /* Persistence.swift */,
				C91C9D322A36C40900E431EB /* Info.plist */,
				C91C9D2F2A36C40900E431EB /* power.xcdatamodeld */,
				C91C9D2A2A36C40900E431EB /* Preview Content */,
			);
			path = power;
			sourceTree = "<group>";
		};
		C91C9D2A2A36C40900E431EB /* Preview Content */ = {
			isa = PBXGroup;
			children = (
				C91C9D2B2A36C40900E431EB /* Preview Assets.xcassets */,
			);
			path = "Preview Content";
			sourceTree = "<group>";
		};
		C91C9D3A2A36C40900E431EB /* PowerTests */ = {
			isa = PBXGroup;
			children = (
				C91688A42A3FC20200F1BF93 /* AddExerciseList */,
				C91C9D3B2A36C40900E431EB /* PowerTests.swift */,
			);
			path = PowerTests;
			sourceTree = "<group>";
		};
		C91C9D442A36C40900E431EB /* PowerUITests */ = {
			isa = PBXGroup;
			children = (
				C91C9D452A36C40900E431EB /* PowerUITests.swift */,
				C91C9D472A36C40900E431EB /* PowerUITestsLaunchTests.swift */,
			);
			path = PowerUITests;
			sourceTree = "<group>";
		};
		C91D5CCE2A410E5F00150EF1 /* RoutineExercises */ = {
			isa = PBXGroup;
			children = (
				C97BEC502A4011F400AD5370 /* RoutineList.swift */,
				C9706EDC2A411015007E43C5 /* RoutineListItem.swift */,
			);
			path = RoutineExercises;
			sourceTree = "<group>";
		};
		C92FFF662A3D4E930035CACF /* Utils */ = {
			isa = PBXGroup;
			children = (
				C92FFF672A3D4E9E0035CACF /* Strings.swift */,
				C9B8BD772A3D6F0D00A18C3C /* View+Modifiers.swift */,
				C91688A02A3FBD9500F1BF93 /* Images.swift */,
				C91688A22A3FBFE700F1BF93 /* MuscleGroups.swift */,
			);
			path = Utils;
			sourceTree = "<group>";
		};
		C92FFF692A3D54840035CACF /* AddExercises */ = {
			isa = PBXGroup;
			children = (
				C9046DB72A3E724F009D3AF4 /* AddExerciseListItem.swift */,
				C946130E2A3E995400104F72 /* AddExercise.swift */,
			);
			path = AddExercises;
			sourceTree = "<group>";
		};
		C9706EDB2A410FDD007E43C5 /* Shared */ = {
			isa = PBXGroup;
			children = (
				C91688AF2A3FEA3D00F1BF93 /* TextFieldWithClear.swift */,
				C9706EDE2A411645007E43C5 /* ExerciseSet.swift */,
				C976D9522A429C1D009FE4F5 /* Weight.swift */,
			);
			path = Shared;
			sourceTree = "<group>";
		};
		C99F27622A3C1F7400CACC8E /* Features */ = {
			isa = PBXGroup;
			children = (
				C9B031662A467C8D00F92D23 /* WorkoutTab */,
				C9706EDB2A410FDD007E43C5 /* Shared */,
				C91D5CCE2A410E5F00150EF1 /* RoutineExercises */,
				C91688AC2A3FD18A00F1BF93 /* CreateRoutine */,
				C9046DB62A3E71EA009D3AF4 /* Workouts */,
				C92FFF692A3D54840035CACF /* AddExercises */,
				C99F276A2A3D482500CACC8E /* TabPage */,
				C99F27632A3C1F7A00CACC8E /* Counter */,
			);
			path = Features;
			sourceTree = "<group>";
		};
		C99F27632A3C1F7A00CACC8E /* Counter */ = {
			isa = PBXGroup;
			children = (
				C99F27642A3C1F8D00CACC8E /* CounterFeature.swift */,
			);
			path = Counter;
			sourceTree = "<group>";
		};
		C99F276A2A3D482500CACC8E /* TabPage */ = {
			isa = PBXGroup;
			children = (
				C99F276B2A3D483F00CACC8E /* TabPage.swift */,
			);
			path = TabPage;
			sourceTree = "<group>";
		};
		C9B031662A467C8D00F92D23 /* WorkoutTab */ = {
			isa = PBXGroup;
			children = (
				C9B031672A467C9D00F92D23 /* WorkoutTab.swift */,
			);
			path = WorkoutTab;
			sourceTree = "<group>";
		};
/* End PBXGroup section */

/* Begin PBXNativeTarget section */
		C91C9D202A36C40800E431EB /* power */ = {
			isa = PBXNativeTarget;
			buildConfigurationList = C91C9D4B2A36C40900E431EB /* Build configuration list for PBXNativeTarget "power" */;
			buildPhases = (
				C91C9D1D2A36C40800E431EB /* Sources */,
				C91C9D1E2A36C40800E431EB /* Frameworks */,
				C91C9D1F2A36C40800E431EB /* Resources */,
			);
			buildRules = (
			);
			dependencies = (
			);
			name = power;
			packageProductDependencies = (
				C99F27602A3C1EFE00CACC8E /* ComposableArchitecture */,
			);
			productName = power;
			productReference = C91C9D212A36C40800E431EB /* power.app */;
			productType = "com.apple.product-type.application";
		};
		C91C9D362A36C40900E431EB /* powerTests */ = {
			isa = PBXNativeTarget;
			buildConfigurationList = C91C9D4E2A36C40900E431EB /* Build configuration list for PBXNativeTarget "powerTests" */;
			buildPhases = (
				C91C9D332A36C40900E431EB /* Sources */,
				C91C9D342A36C40900E431EB /* Frameworks */,
				C91C9D352A36C40900E431EB /* Resources */,
			);
			buildRules = (
			);
			dependencies = (
				C91C9D392A36C40900E431EB /* PBXTargetDependency */,
			);
			name = powerTests;
			productName = powerTests;
			productReference = C91C9D372A36C40900E431EB /* powerTests.xctest */;
			productType = "com.apple.product-type.bundle.unit-test";
		};
		C91C9D402A36C40900E431EB /* powerUITests */ = {
			isa = PBXNativeTarget;
			buildConfigurationList = C91C9D512A36C40900E431EB /* Build configuration list for PBXNativeTarget "powerUITests" */;
			buildPhases = (
				C91C9D3D2A36C40900E431EB /* Sources */,
				C91C9D3E2A36C40900E431EB /* Frameworks */,
				C91C9D3F2A36C40900E431EB /* Resources */,
			);
			buildRules = (
			);
			dependencies = (
				C91C9D432A36C40900E431EB /* PBXTargetDependency */,
			);
			name = powerUITests;
			productName = powerUITests;
			productReference = C91C9D412A36C40900E431EB /* powerUITests.xctest */;
			productType = "com.apple.product-type.bundle.ui-testing";
		};
/* End PBXNativeTarget section */

/* Begin PBXProject section */
		C91C9D192A36C40800E431EB /* Project object */ = {
			isa = PBXProject;
			attributes = {
				BuildIndependentTargetsInParallel = 1;
				LastSwiftUpdateCheck = 1430;
				LastUpgradeCheck = 1430;
				TargetAttributes = {
					C91C9D202A36C40800E431EB = {
						CreatedOnToolsVersion = 14.3.1;
					};
					C91C9D362A36C40900E431EB = {
						CreatedOnToolsVersion = 14.3.1;
						TestTargetID = C91C9D202A36C40800E431EB;
					};
					C91C9D402A36C40900E431EB = {
						CreatedOnToolsVersion = 14.3.1;
						TestTargetID = C91C9D202A36C40800E431EB;
					};
				};
			};
			buildConfigurationList = C91C9D1C2A36C40800E431EB /* Build configuration list for PBXProject "power" */;
			compatibilityVersion = "Xcode 14.0";
			developmentRegion = en;
			hasScannedForEncodings = 0;
			knownRegions = (
				en,
				Base,
			);
			mainGroup = C91C9D182A36C40800E431EB;
			packageReferences = (
				C99F275F2A3C1EFE00CACC8E /* XCRemoteSwiftPackageReference "swift-composable-architecture" */,
			);
			productRefGroup = C91C9D222A36C40800E431EB /* Products */;
			projectDirPath = "";
			projectRoot = "";
			targets = (
				C91C9D202A36C40800E431EB /* power */,
				C91C9D362A36C40900E431EB /* powerTests */,
				C91C9D402A36C40900E431EB /* powerUITests */,
			);
		};
/* End PBXProject section */

/* Begin PBXResourcesBuildPhase section */
		C91C9D1F2A36C40800E431EB /* Resources */ = {
			isa = PBXResourcesBuildPhase;
			buildActionMask = 2147483647;
			files = (
				C91C9D2C2A36C40900E431EB /* Preview Assets.xcassets in Resources */,
				C91C9D292A36C40900E431EB /* Assets.xcassets in Resources */,
			);
			runOnlyForDeploymentPostprocessing = 0;
		};
		C91C9D352A36C40900E431EB /* Resources */ = {
			isa = PBXResourcesBuildPhase;
			buildActionMask = 2147483647;
			files = (
			);
			runOnlyForDeploymentPostprocessing = 0;
		};
		C91C9D3F2A36C40900E431EB /* Resources */ = {
			isa = PBXResourcesBuildPhase;
			buildActionMask = 2147483647;
			files = (
			);
			runOnlyForDeploymentPostprocessing = 0;
		};
/* End PBXResourcesBuildPhase section */

/* Begin PBXSourcesBuildPhase section */
		C91C9D1D2A36C40800E431EB /* Sources */ = {
			isa = PBXSourcesBuildPhase;
			buildActionMask = 2147483647;
			files = (
				C91C9D2E2A36C40900E431EB /* Persistence.swift in Sources */,
				C9706EDD2A411015007E43C5 /* RoutineListItem.swift in Sources */,
				C9706EDF2A411645007E43C5 /* ExerciseSet.swift in Sources */,
				C9B8BD782A3D6F0D00A18C3C /* View+Modifiers.swift in Sources */,
				C9046DB82A3E724F009D3AF4 /* AddExerciseListItem.swift in Sources */,
				C91688B02A3FEA3D00F1BF93 /* TextFieldWithClear.swift in Sources */,
				C91688AE2A3FD1C700F1BF93 /* CreateRoutine.swift in Sources */,
				C91688A12A3FBD9500F1BF93 /* Images.swift in Sources */,
				C9B031682A467C9D00F92D23 /* WorkoutTab.swift in Sources */,
				C99F276C2A3D483F00CACC8E /* TabPage.swift in Sources */,
				C9B8BD762A3D686F00A18C3C /* WorkoutCarditem.swift in Sources */,
				C97BEC512A4011F400AD5370 /* RoutineList.swift in Sources */,
				C91C9D252A36C40800E431EB /* PowerApp.swift in Sources */,
				C99F27652A3C1F8D00CACC8E /* CounterFeature.swift in Sources */,
				C92FFF682A3D4E9E0035CACF /* Strings.swift in Sources */,
				C946130F2A3E995400104F72 /* AddExercise.swift in Sources */,
				C91688A32A3FBFE700F1BF93 /* MuscleGroups.swift in Sources */,
				C91C9D312A36C40900E431EB /* power.xcdatamodeld in Sources */,
				C976D9532A429C1D009FE4F5 /* Weight.swift in Sources */,
			);
			runOnlyForDeploymentPostprocessing = 0;
		};
		C91C9D332A36C40900E431EB /* Sources */ = {
			isa = PBXSourcesBuildPhase;
			buildActionMask = 2147483647;
			files = (
				C91688A92A3FC22D00F1BF93 /* AddExerciseListItemTest.swift in Sources */,
				C91688AB2A3FC38700F1BF93 /* AddExerciseTests.swift in Sources */,
				C91C9D3C2A36C40900E431EB /* PowerTests.swift in Sources */,
			);
			runOnlyForDeploymentPostprocessing = 0;
		};
		C91C9D3D2A36C40900E431EB /* Sources */ = {
			isa = PBXSourcesBuildPhase;
			buildActionMask = 2147483647;
			files = (
				C91C9D482A36C40900E431EB /* PowerUITestsLaunchTests.swift in Sources */,
				C91C9D462A36C40900E431EB /* PowerUITests.swift in Sources */,
			);
			runOnlyForDeploymentPostprocessing = 0;
		};
/* End PBXSourcesBuildPhase section */

/* Begin PBXTargetDependency section */
		C91C9D392A36C40900E431EB /* PBXTargetDependency */ = {
			isa = PBXTargetDependency;
			target = C91C9D202A36C40800E431EB /* power */;
			targetProxy = C91C9D382A36C40900E431EB /* PBXContainerItemProxy */;
		};
		C91C9D432A36C40900E431EB /* PBXTargetDependency */ = {
			isa = PBXTargetDependency;
			target = C91C9D202A36C40800E431EB /* power */;
			targetProxy = C91C9D422A36C40900E431EB /* PBXContainerItemProxy */;
		};
/* End PBXTargetDependency section */

/* Begin XCBuildConfiguration section */
		C91C9D492A36C40900E431EB /* Debug */ = {
			isa = XCBuildConfiguration;
			buildSettings = {
				ALWAYS_SEARCH_USER_PATHS = NO;
				CLANG_ANALYZER_NONNULL = YES;
				CLANG_ANALYZER_NUMBER_OBJECT_CONVERSION = YES_AGGRESSIVE;
				CLANG_CXX_LANGUAGE_STANDARD = "gnu++20";
				CLANG_ENABLE_MODULES = YES;
				CLANG_ENABLE_OBJC_ARC = YES;
				CLANG_ENABLE_OBJC_WEAK = YES;
				CLANG_WARN_BLOCK_CAPTURE_AUTORELEASING = YES;
				CLANG_WARN_BOOL_CONVERSION = YES;
				CLANG_WARN_COMMA = YES;
				CLANG_WARN_CONSTANT_CONVERSION = YES;
				CLANG_WARN_DEPRECATED_OBJC_IMPLEMENTATIONS = YES;
				CLANG_WARN_DIRECT_OBJC_ISA_USAGE = YES_ERROR;
				CLANG_WARN_DOCUMENTATION_COMMENTS = YES;
				CLANG_WARN_EMPTY_BODY = YES;
				CLANG_WARN_ENUM_CONVERSION = YES;
				CLANG_WARN_INFINITE_RECURSION = YES;
				CLANG_WARN_INT_CONVERSION = YES;
				CLANG_WARN_NON_LITERAL_NULL_CONVERSION = YES;
				CLANG_WARN_OBJC_IMPLICIT_RETAIN_SELF = YES;
				CLANG_WARN_OBJC_LITERAL_CONVERSION = YES;
				CLANG_WARN_OBJC_ROOT_CLASS = YES_ERROR;
				CLANG_WARN_QUOTED_INCLUDE_IN_FRAMEWORK_HEADER = YES;
				CLANG_WARN_RANGE_LOOP_ANALYSIS = YES;
				CLANG_WARN_STRICT_PROTOTYPES = YES;
				CLANG_WARN_SUSPICIOUS_MOVE = YES;
				CLANG_WARN_UNGUARDED_AVAILABILITY = YES_AGGRESSIVE;
				CLANG_WARN_UNREACHABLE_CODE = YES;
				CLANG_WARN__DUPLICATE_METHOD_MATCH = YES;
				COPY_PHASE_STRIP = NO;
				DEBUG_INFORMATION_FORMAT = dwarf;
				ENABLE_STRICT_OBJC_MSGSEND = YES;
				ENABLE_TESTABILITY = YES;
				GCC_C_LANGUAGE_STANDARD = gnu11;
				GCC_DYNAMIC_NO_PIC = NO;
				GCC_NO_COMMON_BLOCKS = YES;
				GCC_OPTIMIZATION_LEVEL = 0;
				GCC_PREPROCESSOR_DEFINITIONS = (
					"DEBUG=1",
					"$(inherited)",
				);
				GCC_WARN_64_TO_32_BIT_CONVERSION = YES;
				GCC_WARN_ABOUT_RETURN_TYPE = YES_ERROR;
				GCC_WARN_UNDECLARED_SELECTOR = YES;
				GCC_WARN_UNINITIALIZED_AUTOS = YES_AGGRESSIVE;
				GCC_WARN_UNUSED_FUNCTION = YES;
				GCC_WARN_UNUSED_VARIABLE = YES;
				IPHONEOS_DEPLOYMENT_TARGET = 16.0;
				MTL_ENABLE_DEBUG_INFO = INCLUDE_SOURCE;
				MTL_FAST_MATH = YES;
				ONLY_ACTIVE_ARCH = YES;
				SDKROOT = iphoneos;
				SWIFT_ACTIVE_COMPILATION_CONDITIONS = DEBUG;
				SWIFT_OPTIMIZATION_LEVEL = "-Onone";
			};
			name = Debug;
		};
		C91C9D4A2A36C40900E431EB /* Release */ = {
			isa = XCBuildConfiguration;
			buildSettings = {
				ALWAYS_SEARCH_USER_PATHS = NO;
				CLANG_ANALYZER_NONNULL = YES;
				CLANG_ANALYZER_NUMBER_OBJECT_CONVERSION = YES_AGGRESSIVE;
				CLANG_CXX_LANGUAGE_STANDARD = "gnu++20";
				CLANG_ENABLE_MODULES = YES;
				CLANG_ENABLE_OBJC_ARC = YES;
				CLANG_ENABLE_OBJC_WEAK = YES;
				CLANG_WARN_BLOCK_CAPTURE_AUTORELEASING = YES;
				CLANG_WARN_BOOL_CONVERSION = YES;
				CLANG_WARN_COMMA = YES;
				CLANG_WARN_CONSTANT_CONVERSION = YES;
				CLANG_WARN_DEPRECATED_OBJC_IMPLEMENTATIONS = YES;
				CLANG_WARN_DIRECT_OBJC_ISA_USAGE = YES_ERROR;
				CLANG_WARN_DOCUMENTATION_COMMENTS = YES;
				CLANG_WARN_EMPTY_BODY = YES;
				CLANG_WARN_ENUM_CONVERSION = YES;
				CLANG_WARN_INFINITE_RECURSION = YES;
				CLANG_WARN_INT_CONVERSION = YES;
				CLANG_WARN_NON_LITERAL_NULL_CONVERSION = YES;
				CLANG_WARN_OBJC_IMPLICIT_RETAIN_SELF = YES;
				CLANG_WARN_OBJC_LITERAL_CONVERSION = YES;
				CLANG_WARN_OBJC_ROOT_CLASS = YES_ERROR;
				CLANG_WARN_QUOTED_INCLUDE_IN_FRAMEWORK_HEADER = YES;
				CLANG_WARN_RANGE_LOOP_ANALYSIS = YES;
				CLANG_WARN_STRICT_PROTOTYPES = YES;
				CLANG_WARN_SUSPICIOUS_MOVE = YES;
				CLANG_WARN_UNGUARDED_AVAILABILITY = YES_AGGRESSIVE;
				CLANG_WARN_UNREACHABLE_CODE = YES;
				CLANG_WARN__DUPLICATE_METHOD_MATCH = YES;
				COPY_PHASE_STRIP = NO;
				DEBUG_INFORMATION_FORMAT = "dwarf-with-dsym";
				ENABLE_NS_ASSERTIONS = NO;
				ENABLE_STRICT_OBJC_MSGSEND = YES;
				GCC_C_LANGUAGE_STANDARD = gnu11;
				GCC_NO_COMMON_BLOCKS = YES;
				GCC_WARN_64_TO_32_BIT_CONVERSION = YES;
				GCC_WARN_ABOUT_RETURN_TYPE = YES_ERROR;
				GCC_WARN_UNDECLARED_SELECTOR = YES;
				GCC_WARN_UNINITIALIZED_AUTOS = YES_AGGRESSIVE;
				GCC_WARN_UNUSED_FUNCTION = YES;
				GCC_WARN_UNUSED_VARIABLE = YES;
				IPHONEOS_DEPLOYMENT_TARGET = 16.0;
				MTL_ENABLE_DEBUG_INFO = NO;
				MTL_FAST_MATH = YES;
				SDKROOT = iphoneos;
				SWIFT_COMPILATION_MODE = wholemodule;
				SWIFT_OPTIMIZATION_LEVEL = "-O";
				VALIDATE_PRODUCT = YES;
			};
			name = Release;
		};
		C91C9D4C2A36C40900E431EB /* Debug */ = {
			isa = XCBuildConfiguration;
			buildSettings = {
				ASSETCATALOG_COMPILER_APPICON_NAME = AppIcon;
				ASSETCATALOG_COMPILER_GLOBAL_ACCENT_COLOR_NAME = AccentColor;
				CODE_SIGN_STYLE = Automatic;
				CURRENT_PROJECT_VERSION = 1;
				DEVELOPMENT_ASSET_PATHS = "\"power/Preview Content\"";
				DEVELOPMENT_TEAM = 7H66Q22DJD;
				ENABLE_PREVIEWS = YES;
				GENERATE_INFOPLIST_FILE = YES;
				INFOPLIST_KEY_CFBundleDisplayName = Power;
				INFOPLIST_KEY_UIApplicationSceneManifest_Generation = YES;
				INFOPLIST_KEY_UIApplicationSupportsIndirectInputEvents = YES;
				INFOPLIST_KEY_UILaunchScreen_Generation = YES;
				INFOPLIST_KEY_UISupportedInterfaceOrientations_iPad = "UIInterfaceOrientationPortrait UIInterfaceOrientationPortraitUpsideDown UIInterfaceOrientationLandscapeLeft UIInterfaceOrientationLandscapeRight";
				INFOPLIST_KEY_UISupportedInterfaceOrientations_iPhone = "UIInterfaceOrientationPortrait UIInterfaceOrientationLandscapeLeft UIInterfaceOrientationLandscapeRight";
				LD_RUNPATH_SEARCH_PATHS = (
					"$(inherited)",
					"@executable_path/Frameworks",
				);
				MARKETING_VERSION = 1.0;
				PRODUCT_BUNDLE_IDENTIFIER = com.avestabarzegar.Power;
				PRODUCT_NAME = "$(TARGET_NAME)";
				SWIFT_EMIT_LOC_STRINGS = YES;
				SWIFT_VERSION = 5.0;
				TARGETED_DEVICE_FAMILY = "1,2";
			};
			name = Debug;
		};
		C91C9D4D2A36C40900E431EB /* Release */ = {
			isa = XCBuildConfiguration;
			buildSettings = {
				ASSETCATALOG_COMPILER_APPICON_NAME = AppIcon;
				ASSETCATALOG_COMPILER_GLOBAL_ACCENT_COLOR_NAME = AccentColor;
				CODE_SIGN_STYLE = Automatic;
				CURRENT_PROJECT_VERSION = 1;
				DEVELOPMENT_ASSET_PATHS = "\"power/Preview Content\"";
				DEVELOPMENT_TEAM = 7H66Q22DJD;
				ENABLE_PREVIEWS = YES;
				GENERATE_INFOPLIST_FILE = YES;
				INFOPLIST_KEY_CFBundleDisplayName = Power;
				INFOPLIST_KEY_UIApplicationSceneManifest_Generation = YES;
				INFOPLIST_KEY_UIApplicationSupportsIndirectInputEvents = YES;
				INFOPLIST_KEY_UILaunchScreen_Generation = YES;
				INFOPLIST_KEY_UISupportedInterfaceOrientations_iPad = "UIInterfaceOrientationPortrait UIInterfaceOrientationPortraitUpsideDown UIInterfaceOrientationLandscapeLeft UIInterfaceOrientationLandscapeRight";
				INFOPLIST_KEY_UISupportedInterfaceOrientations_iPhone = "UIInterfaceOrientationPortrait UIInterfaceOrientationLandscapeLeft UIInterfaceOrientationLandscapeRight";
				LD_RUNPATH_SEARCH_PATHS = (
					"$(inherited)",
					"@executable_path/Frameworks",
				);
				MARKETING_VERSION = 1.0;
				PRODUCT_BUNDLE_IDENTIFIER = com.avestabarzegar.Power;
				PRODUCT_NAME = "$(TARGET_NAME)";
				SWIFT_EMIT_LOC_STRINGS = YES;
				SWIFT_VERSION = 5.0;
				TARGETED_DEVICE_FAMILY = "1,2";
			};
			name = Release;
		};
		C91C9D4F2A36C40900E431EB /* Debug */ = {
			isa = XCBuildConfiguration;
			buildSettings = {
				ALWAYS_EMBED_SWIFT_STANDARD_LIBRARIES = YES;
				BUNDLE_LOADER = "$(TEST_HOST)";
				CODE_SIGN_STYLE = Automatic;
				CURRENT_PROJECT_VERSION = 1;
				DEVELOPMENT_TEAM = 7H66Q22DJD;
				GENERATE_INFOPLIST_FILE = YES;
				IPHONEOS_DEPLOYMENT_TARGET = 16.0;
				MARKETING_VERSION = 1.0;
				PRODUCT_BUNDLE_IDENTIFIER = com.avestabarzegar.powerTests;
				PRODUCT_NAME = "$(TARGET_NAME)";
				SWIFT_EMIT_LOC_STRINGS = NO;
				SWIFT_VERSION = 5.0;
				TARGETED_DEVICE_FAMILY = "1,2";
				TEST_HOST = "$(BUILT_PRODUCTS_DIR)/power.app/$(BUNDLE_EXECUTABLE_FOLDER_PATH)/power";
			};
			name = Debug;
		};
		C91C9D502A36C40900E431EB /* Release */ = {
			isa = XCBuildConfiguration;
			buildSettings = {
				ALWAYS_EMBED_SWIFT_STANDARD_LIBRARIES = YES;
				BUNDLE_LOADER = "$(TEST_HOST)";
				CODE_SIGN_STYLE = Automatic;
				CURRENT_PROJECT_VERSION = 1;
				DEVELOPMENT_TEAM = 7H66Q22DJD;
				GENERATE_INFOPLIST_FILE = YES;
				IPHONEOS_DEPLOYMENT_TARGET = 16.0;
				MARKETING_VERSION = 1.0;
				PRODUCT_BUNDLE_IDENTIFIER = com.avestabarzegar.powerTests;
				PRODUCT_NAME = "$(TARGET_NAME)";
				SWIFT_EMIT_LOC_STRINGS = NO;
				SWIFT_VERSION = 5.0;
				TARGETED_DEVICE_FAMILY = "1,2";
				TEST_HOST = "$(BUILT_PRODUCTS_DIR)/power.app/$(BUNDLE_EXECUTABLE_FOLDER_PATH)/power";
			};
			name = Release;
		};
		C91C9D522A36C40900E431EB /* Debug */ = {
			isa = XCBuildConfiguration;
			buildSettings = {
				ALWAYS_EMBED_SWIFT_STANDARD_LIBRARIES = YES;
				CODE_SIGN_STYLE = Automatic;
				CURRENT_PROJECT_VERSION = 1;
				DEVELOPMENT_TEAM = 7H66Q22DJD;
				GENERATE_INFOPLIST_FILE = YES;
				MARKETING_VERSION = 1.0;
				PRODUCT_BUNDLE_IDENTIFIER = com.avestabarzegar.powerUITests;
				PRODUCT_NAME = "$(TARGET_NAME)";
				SWIFT_EMIT_LOC_STRINGS = NO;
				SWIFT_VERSION = 5.0;
				TARGETED_DEVICE_FAMILY = "1,2";
				TEST_TARGET_NAME = power;
			};
			name = Debug;
		};
		C91C9D532A36C40900E431EB /* Release */ = {
			isa = XCBuildConfiguration;
			buildSettings = {
				ALWAYS_EMBED_SWIFT_STANDARD_LIBRARIES = YES;
				CODE_SIGN_STYLE = Automatic;
				CURRENT_PROJECT_VERSION = 1;
				DEVELOPMENT_TEAM = 7H66Q22DJD;
				GENERATE_INFOPLIST_FILE = YES;
				MARKETING_VERSION = 1.0;
				PRODUCT_BUNDLE_IDENTIFIER = com.avestabarzegar.powerUITests;
				PRODUCT_NAME = "$(TARGET_NAME)";
				SWIFT_EMIT_LOC_STRINGS = NO;
				SWIFT_VERSION = 5.0;
				TARGETED_DEVICE_FAMILY = "1,2";
				TEST_TARGET_NAME = power;
			};
			name = Release;
		};
/* End XCBuildConfiguration section */

/* Begin XCConfigurationList section */
		C91C9D1C2A36C40800E431EB /* Build configuration list for PBXProject "power" */ = {
			isa = XCConfigurationList;
			buildConfigurations = (
				C91C9D492A36C40900E431EB /* Debug */,
				C91C9D4A2A36C40900E431EB /* Release */,
			);
			defaultConfigurationIsVisible = 0;
			defaultConfigurationName = Release;
		};
		C91C9D4B2A36C40900E431EB /* Build configuration list for PBXNativeTarget "power" */ = {
			isa = XCConfigurationList;
			buildConfigurations = (
				C91C9D4C2A36C40900E431EB /* Debug */,
				C91C9D4D2A36C40900E431EB /* Release */,
			);
			defaultConfigurationIsVisible = 0;
			defaultConfigurationName = Release;
		};
		C91C9D4E2A36C40900E431EB /* Build configuration list for PBXNativeTarget "powerTests" */ = {
			isa = XCConfigurationList;
			buildConfigurations = (
				C91C9D4F2A36C40900E431EB /* Debug */,
				C91C9D502A36C40900E431EB /* Release */,
			);
			defaultConfigurationIsVisible = 0;
			defaultConfigurationName = Release;
		};
		C91C9D512A36C40900E431EB /* Build configuration list for PBXNativeTarget "powerUITests" */ = {
			isa = XCConfigurationList;
			buildConfigurations = (
				C91C9D522A36C40900E431EB /* Debug */,
				C91C9D532A36C40900E431EB /* Release */,
			);
			defaultConfigurationIsVisible = 0;
			defaultConfigurationName = Release;
		};
/* End XCConfigurationList section */

/* Begin XCRemoteSwiftPackageReference section */
		C99F275F2A3C1EFE00CACC8E /* XCRemoteSwiftPackageReference "swift-composable-architecture" */ = {
			isa = XCRemoteSwiftPackageReference;
			repositoryURL = "https://github.com/pointfreeco/swift-composable-architecture";
			requirement = {
				branch = prerelease/1.0;
				kind = branch;
			};
		};
/* End XCRemoteSwiftPackageReference section */

/* Begin XCSwiftPackageProductDependency section */
		C99F27602A3C1EFE00CACC8E /* ComposableArchitecture */ = {
			isa = XCSwiftPackageProductDependency;
			package = C99F275F2A3C1EFE00CACC8E /* XCRemoteSwiftPackageReference "swift-composable-architecture" */;
			productName = ComposableArchitecture;
		};
/* End XCSwiftPackageProductDependency section */

/* Begin XCVersionGroup section */
		C91C9D2F2A36C40900E431EB /* power.xcdatamodeld */ = {
			isa = XCVersionGroup;
			children = (
				C91C9D302A36C40900E431EB /* power.xcdatamodel */,
			);
			currentVersion = C91C9D302A36C40900E431EB /* power.xcdatamodel */;
			path = power.xcdatamodeld;
			sourceTree = "<group>";
			versionGroupType = wrapper.xcdatamodel;
		};
/* End XCVersionGroup section */
	};
	rootObject = C91C9D192A36C40800E431EB /* Project object */;
}
